
Microsoft Visual Studio Solution File, Format Version 12.00
# Visual Studio 14
VisualStudioVersion = 14.0.25420.1
MinimumVisualStudioVersion = 10.0.40219.1
Project("{FAE04EC0-301F-11D3-BF4B-00C04F79EFBC}") = "ClassLibrary1", "ClassLibrary1\ClassLibrary1.csproj", "{9DB4E5A6-ED6C-4078-8657-DD6B93C26C20}"
EndProject
Project("{FAE04EC0-301F-11D3-BF4B-00C04F79EFBC}") = "mvc.learn.com", "mvc.learn.com\mvc.learn.com.csproj", "{2C0B9D81-BC57-46B7-8C2A-79335804FBAE}"
EndProject
Global
	GlobalSection(SolutionConfigurationPlatforms) = preSolution
		Debug|Any CPU = Debug|Any CPU
		Release|Any CPU = Release|Any CPU
	EndGlobalSection
	GlobalSection(ProjectConfigurationPlatforms) = postSolution
		{9DB4E5A6-ED6C-4078-8657-DD6B93C26C20}.Debug|Any CPU.ActiveCfg = Debug|Any CPU
		{9DB4E5A6-ED6C-4078-8657-DD6B93C26C20}.Debug|Any CPU.Build.0 = Debug|Any CPU
		{9DB4E5A6-ED6C-4078-8657-DD6B93C26C20}.Release|Any CPU.ActiveCfg = Release|Any CPU
		{9DB4E5A6-ED6C-4078-8657-DD6B93C26C20}.Release|Any CPU.Build.0 = Release|Any CPU
		{2C0B9D81-BC57-46B7-8C2A-79335804FBAE}.Debug|Any CPU.ActiveCfg = Debug|Any CPU
		{2C0B9D81-BC57-46B7-8C2A-79335804FBAE}.Debug|Any CPU.Build.0 = Debug|Any CPU
		{2C0B9D81-BC57-46B7-8C2A-79335804FBAE}.Release|Any CPU.ActiveCfg = Release|Any CPU
		{2C0B9D81-BC57-46B7-8C2A-79335804FBAE}.Release|Any CPU.Build.0 = Release|Any CPU
	EndGlobalSection
	GlobalSection(SolutionProperties) = preSolution
		HideSolutionNode = FALSE
	EndGlobalSection
EndGlobal
